
Microsoft Visual Studio Solution File, Format Version 12.00
# Visual Studio Version 17
VisualStudioVersion = 17.10.35013.160
MinimumVisualStudioVersion = 10.0.40219.1
Project("{FAE04EC0-301F-11D3-BF4B-00C04F79EFBC}") = "TiendaLaPoderosa", "TiendaLaPoderosa\TiendaLaPoderosa.csproj", "{0F5CF75B-4DD9-4494-BC08-6A6F092C3698}"
EndProject
Global
	GlobalSection(SolutionConfigurationPlatforms) = preSolution
		Debug|Any CPU = Debug|Any CPU
		Release|Any CPU = Release|Any CPU
	EndGlobalSection
	GlobalSection(ProjectConfigurationPlatforms) = postSolution
		{0F5CF75B-4DD9-4494-BC08-6A6F092C3698}.Debug|Any CPU.ActiveCfg = Debug|Any CPU
		{0F5CF75B-4DD9-4494-BC08-6A6F092C3698}.Debug|Any CPU.Build.0 = Debug|Any CPU
		{0F5CF75B-4DD9-4494-BC08-6A6F092C3698}.Debug|Any CPU.Deploy.0 = Debug|Any CPU
		{0F5CF75B-4DD9-4494-BC08-6A6F092C3698}.Release|Any CPU.ActiveCfg = Release|Any CPU
		{0F5CF75B-4DD9-4494-BC08-6A6F092C3698}.Release|Any CPU.Build.0 = Release|Any CPU
		{0F5CF75B-4DD9-4494-BC08-6A6F092C3698}.Release|Any CPU.Deploy.0 = Release|Any CPU
	EndGlobalSection
	GlobalSection(SolutionProperties) = preSolution
		HideSolutionNode = FALSE
	EndGlobalSection
	GlobalSection(ExtensibilityGlobals) = postSolution
		SolutionGuid = {D3B71F23-2F6D-43CE-8659-2BF785646387}
	EndGlobalSection
EndGlobal
